hash: 5d4fb9ec67324087909cc09f86d835f828131853baa6d2f29ac8d76b3fcdd9d2
updated: 2016-08-08T01:36:31.76546933-05:00
imports:
- name: github.com/golang/protobuf
  version: c3cefd437628a0b7d31b34fe44b3a7a540e98527
  subpackages:
  - proto
- name: github.com/Sirupsen/logrus
  version: a283a10442df8dc09befd873fab202bf8a253d6a
- name: github.com/stretchr/testify
  version: d77da356e56a7428ad25149ca77381849a6a5232
- name: github.com/uber-go/atomic
  version: 0c9e689d64f004564b79d9a663634756df322902
- name: github.com/uber-go/zap
  version: f6059af9adb56642e6cb2a91051feb930eba6342
- name: golang.org/x/net
  version: 7c62cfdcccc65f87b0120ec841012ba816fc1aec
  subpackages:
  - context
- name: golang.org/x/sys
  version: a646d33e2ee3172a661fc09bca23bb4889a41bc8
  subpackages:
  - unix
- name: google.golang.org/appengine
  version: f21d98e7aefbf9ff4d5eeba05d7a925cc7ac20c3
  subpackages:
  - log
  - aetest
  - internal
  - internal/log
  - internal/app_identity
  - internal/modules
  - internal/base
  - internal/datastore
  - internal/remote_api
devImports: []
